// !$*UTF8*$!
{
	archiveVersion = 1;
	classes = {
	};
	objectVersion = 77;
	objects = {

/* Begin PBXBuildFile section */
		9C0DC7762E2F8F1100C15D75 /* .txt in Resources */ = {isa = PBXBuildFile; fileRef = 9C0DC7752E2F8F1100C15D75 /* .txt */; };
/* End PBXBuildFile section */

/* Begin PBXContainerItemProxy section */
		9C30C4DA2E2F834700462100 /* PBXContainerItemProxy */ = {
			isa = PBXContainerItemProxy;
			containerPortal = 9C30C4BF2E2F833C00462100 /* Project object */;
			proxyType = 1;
			remoteGlobalIDString = 9C30C4C62E2F833D00462100;
			remoteInfo = "Y&YFinance";
		};
		9C30C4E42E2F834700462100 /* PBXContainerItemProxy */ = {
			isa = PBXContainerItemProxy;
			containerPortal = 9C30C4BF2E2F833C00462100 /* Project object */;
			proxyType = 1;
			remoteGlobalIDString = 9C30C4C62E2F833D00462100;
			remoteInfo = "Y&YFinance";
		};
/* End PBXContainerItemProxy section */

/* Begin PBXFileReference section */
		9C0DC7752E2F8F1100C15D75 /* .txt */ = {isa = PBXFileReference; lastKnownFileType = text; path = .txt; sourceTree = "<group>"; };
		9C30C4C72E2F833D00462100 /* Y&YFinance.app */ = {isa = PBXFileReference; explicitFileType = wrapper.application; includeInIndex = 0; path = "Y&YFinance.app"; sourceTree = BUILT_PRODUCTS_DIR; };
		9C30C4D92E2F834700462100 /* Y&YFinanceTests.xctest */ = {isa = PBXFileReference; explicitFileType = wrapper.cfbundle; includeInIndex = 0; path = "Y&YFinanceTests.xctest"; sourceTree = BUILT_PRODUCTS_DIR; };
		9C30C4E32E2F834700462100 /* Y&YFinanceUITests.xctest */ = {isa = PBXFileReference; explicitFileType = wrapper.cfbundle; includeInIndex = 0; path = "Y&YFinanceUITests.xctest"; sourceTree = BUILT_PRODUCTS_DIR; };
/* End PBXFileReference section */

/* Begin PBXFileSystemSynchronizedRootGroup section */
		9C30C4C92E2F833D00462100 /* Y&YFinance */ = {
			isa = PBXFileSystemSynchronizedRootGroup;
			path = "Y&YFinance";
			sourceTree = "<group>";
		};
		9C30C4DC2E2F834700462100 /* Y&YFinanceTests */ = {
			isa = PBXFileSystemSynchronizedRootGroup;
			path = "Y&YFinanceTests";
			sourceTree = "<group>";
		};
		9C30C4E62E2F834700462100 /* Y&YFinanceUITests */ = {
			isa = PBXFileSystemSynchronizedRootGroup;
			path = "Y&YFinanceUITests";
			sourceTree = "<group>";
		};
/* End PBXFileSystemSynchronizedRootGroup section */

/* Begin PBXFrameworksBuildPhase section */
		9C30C4C42E2F833D00462100 /* Frameworks */ = {
			isa = PBXFrameworksBuildPhase;
			buildActionMask = 2147483647;
			files = (
			);
			runOnlyForDeploymentPostprocessing = 0;
		};
		9C30C4D62E2F834700462100 /* Frameworks */ = {
			isa = PBXFrameworksBuildPhase;
			buildActionMask = 2147483647;
			files = (
			);
			runOnlyForDeploymentPostprocessing = 0;
		};
		9C30C4E02E2F834700462100 /* Frameworks */ = {
			isa = PBXFrameworksBuildPhase;
			buildActionMask = 2147483647;
			files = (
			);
			runOnlyForDeploymentPostprocessing = 0;
		};
/* End PBXFrameworksBuildPhase section */

/* Begin PBXGroup section */
		9C30C4BE2E2F833C00462100 = {
			isa = PBXGroup;
			children = (
				9C30C4C92E2F833D00462100 /* Y&YFinance */,
				9C30C4DC2E2F834700462100 /* Y&YFinanceTests */,
				9C30C4E62E2F834700462100 /* Y&YFinanceUITests */,
				9C30C4C82E2F833D00462100 /* Products */,
				9C0DC7752E2F8F1100C15D75 /* .txt */,
			);
			sourceTree = "<group>";
		};
		9C30C4C82E2F833D00462100 /* Products */ = {
			isa = PBXGroup;
			children = (
				9C30C4C72E2F833D00462100 /* Y&YFinance.app */,
				9C30C4D92E2F834700462100 /* Y&YFinanceTests.xctest */,
				9C30C4E32E2F834700462100 /* Y&YFinanceUITests.xctest */,
			);
			name = Products;
			sourceTree = "<group>";
		};
/* End PBXGroup section */

/* Begin PBXNativeTarget section */
		9C30C4C62E2F833D00462100 /* Y&YFinance */ = {
			isa = PBXNativeTarget;
			buildConfigurationList = 9C30C4ED2E2F834700462100 /* Build configuration list for PBXNativeTarget "Y&YFinance" */;
			buildPhases = (
				9C30C4C32E2F833D00462100 /* Sources */,
				9C30C4C42E2F833D00462100 /* Frameworks */,
				9C30C4C52E2F833D00462100 /* Resources */,
			);
			buildRules = (
			);
			dependencies = (
			);
			fileSystemSynchronizedGroups = (
				9C30C4C92E2F833D00462100 /* Y&YFinance */,
			);
			name = "Y&YFinance";
			packageProductDependencies = (
			);
			productName = "Y&YFinance";
			productReference = 9C30C4C72E2F833D00462100 /* Y&YFinance.app */;
			productType = "com.apple.product-type.application";
		};
		9C30C4D82E2F834700462100 /* Y&YFinanceTests */ = {
			isa = PBXNativeTarget;
			buildConfigurationList = 9C30C4F02E2F834700462100 /* Build configuration list for PBXNativeTarget "Y&YFinanceTests" */;
			buildPhases = (
				9C30C4D52E2F834700462100 /* Sources */,
				9C30C4D62E2F834700462100 /* Frameworks */,
				9C30C4D72E2F834700462100 /* Resources */,
			);
			buildRules = (
			);
			dependencies = (
				9C30C4DB2E2F834700462100 /* PBXTargetDependency */,
			);
			fileSystemSynchronizedGroups = (
				9C30C4DC2E2F834700462100 /* Y&YFinanceTests */,
			);
			name = "Y&YFinanceTests";
			packageProductDependencies = (
			);
			productName = "Y&YFinanceTests";
			productReference = 9C30C4D92E2F834700462100 /* Y&YFinanceTests.xctest */;
			productType = "com.apple.product-type.bundle.unit-test";
		};
		9C30C4E22E2F834700462100 /* Y&YFinanceUITests */ = {
			isa = PBXNativeTarget;
			buildConfigurationList = 9C30C4F32E2F834700462100 /* Build configuration list for PBXNativeTarget "Y&YFinanceUITests" */;
			buildPhases = (
				9C30C4DF2E2F834700462100 /* Sources */,
				9C30C4E02E2F834700462100 /* Frameworks */,
				9C30C4E12E2F834700462100 /* Resources */,
			);
			buildRules = (
			);
			dependencies = (
				9C30C4E52E2F834700462100 /* PBXTargetDependency */,
			);
			fileSystemSynchronizedGroups = (
				9C30C4E62E2F834700462100 /* Y&YFinanceUITests */,
			);
			name = "Y&YFinanceUITests";
			packageProductDependencies = (
			);
			productName = "Y&YFinanceUITests";
			productReference = 9C30C4E32E2F834700462100 /* Y&YFinanceUITests.xctest */;
			productType = "com.apple.product-type.bundle.ui-testing";
		};
/* End PBXNativeTarget section */

/* Begin PBXProject section */
		9C30C4BF2E2F833C00462100 /* Project object */ = {
			isa = PBXProject;
			attributes = {
				BuildIndependentTargetsInParallel = 1;
				LastSwiftUpdateCheck = 1620;
				LastUpgradeCheck = 1620;
				TargetAttributes = {
					9C30C4C62E2F833D00462100 = {
						CreatedOnToolsVersion = 16.2;
					};
					9C30C4D82E2F834700462100 = {
						CreatedOnToolsVersion = 16.2;
						TestTargetID = 9C30C4C62E2F833D00462100;
					};
					9C30C4E22E2F834700462100 = {
						CreatedOnToolsVersion = 16.2;
						TestTargetID = 9C30C4C62E2F833D00462100;
					};
				};
			};
			buildConfigurationList = 9C30C4C22E2F833D00462100 /* Build configuration list for PBXProject "Y&YFinance" */;
			developmentRegion = en;
			hasScannedForEncodings = 0;
			knownRegions = (
				en,
				Base,
			);
			mainGroup = 9C30C4BE2E2F833C00462100;
			minimizedProjectReferenceProxies = 1;
			preferredProjectObjectVersion = 77;
			productRefGroup = 9C30C4C82E2F833D00462100 /* Products */;
			projectDirPath = "";
			projectRoot = "";
			targets = (
				9C30C4C62E2F833D00462100 /* Y&YFinance */,
				9C30C4D82E2F834700462100 /* Y&YFinanceTests */,
				9C30C4E22E2F834700462100 /* Y&YFinanceUITests */,
			);
		};
/* End PBXProject section */

/* Begin PBXResourcesBuildPhase section */
		9C30C4C52E2F833D00462100 /* Resources */ = {
			isa = PBXResourcesBuildPhase;
			buildActionMask = 2147483647;
			files = (
				9C0DC7762E2F8F1100C15D75 /* .txt in Resources */,
			);
			runOnlyForDeploymentPostprocessing = 0;
		};
		9C30C4D72E2F834700462100 /* Resources */ = {
			isa = PBXResourcesBuildPhase;
			buildActionMask = 2147483647;
			files = (
			);
			runOnlyForDeploymentPostprocessing = 0;
		};
		9C30C4E12E2F834700462100 /* Resources */ = {
			isa = PBXResourcesBuildPhase;
			buildActionMask = 2147483647;
			files = (
			);
			runOnlyForDeploymentPostprocessing = 0;
		};
/* End PBXResourcesBuildPhase section */

/* Begin PBXSourcesBuildPhase section */
		9C30C4C32E2F833D00462100 /* Sources */ = {
			isa = PBXSourcesBuildPhase;
			buildActionMask = 2147483647;
			files = (
			);
			runOnlyForDeploymentPostprocessing = 0;
		};
		9C30C4D52E2F834700462100 /* Sources */ = {
			isa = PBXSourcesBuildPhase;
			buildActionMask = 2147483647;
			files = (
			);
			runOnlyForDeploymentPostprocessing = 0;
		};
		9C30C4DF2E2F834700462100 /* Sources */ = {
			isa = PBXSourcesBuildPhase;
			buildActionMask = 2147483647;
			files = (
			);
			runOnlyForDeploymentPostprocessing = 0;
		};
/* End PBXSourcesBuildPhase section */

/* Begin PBXTargetDependency section */
		9C30C4DB2E2F834700462100 /* PBXTargetDependency */ = {
			isa = PBXTargetDependency;
			target = 9C30C4C62E2F833D00462100 /* Y&YFinance */;
			targetProxy = 9C30C4DA2E2F834700462100 /* PBXContainerItemProxy */;
		};
		9C30C4E52E2F834700462100 /* PBXTargetDependency */ = {
			isa = PBXTargetDependency;
			target = 9C30C4C62E2F833D00462100 /* Y&YFinance */;
			targetProxy = 9C30C4E42E2F834700462100 /* PBXContainerItemProxy */;
		};
/* End PBXTargetDependency section */

/* Begin XCBuildConfiguration section */
		9C30C4EB2E2F834700462100 /* Debug */ = {
			isa = XCBuildConfiguration;
			buildSettings = {
				ALWAYS_SEARCH_USER_PATHS = NO;
				ASSETCATALOG_COMPILER_GENERATE_SWIFT_ASSET_SYMBOL_EXTENSIONS = YES;
				CLANG_ANALYZER_NONNULL = YES;
				CLANG_ANALYZER_NUMBER_OBJECT_CONVERSION = YES_AGGRESSIVE;
				CLANG_CXX_LANGUAGE_STANDARD = "gnu++20";
				CLANG_ENABLE_MODULES = YES;
				CLANG_ENABLE_OBJC_ARC = YES;
				CLANG_ENABLE_OBJC_WEAK = YES;
				CLANG_WARN_BLOCK_CAPTURE_AUTORELEASING = YES;
				CLANG_WARN_BOOL_CONVERSION = YES;
				CLANG_WARN_COMMA = YES;
				CLANG_WARN_CONSTANT_CONVERSION = YES;
				CLANG_WARN_DEPRECATED_OBJC_IMPLEMENTATIONS = YES;
				CLANG_WARN_DIRECT_OBJC_ISA_USAGE = YES_ERROR;
				CLANG_WARN_DOCUMENTATION_COMMENTS = YES;
				CLANG_WARN_EMPTY_BODY = YES;
				CLANG_WARN_ENUM_CONVERSION = YES;
				CLANG_WARN_INFINITE_RECURSION = YES;
				CLANG_WARN_INT_CONVERSION = YES;
				CLANG_WARN_NON_LITERAL_NULL_CONVERSION = YES;
				CLANG_WARN_OBJC_IMPLICIT_RETAIN_SELF = YES;
				CLANG_WARN_OBJC_LITERAL_CONVERSION = YES;
				CLANG_WARN_OBJC_ROOT_CLASS = YES_ERROR;
				CLANG_WARN_QUOTED_INCLUDE_IN_FRAMEWORK_HEADER = YES;
				CLANG_WARN_RANGE_LOOP_ANALYSIS = YES;
				CLANG_WARN_STRICT_PROTOTYPES = YES;
				CLANG_WARN_SUSPICIOUS_MOVE = YES;
				CLANG_WARN_UNGUARDED_AVAILABILITY = YES_AGGRESSIVE;
				CLANG_WARN_UNREACHABLE_CODE = YES;
				CLANG_WARN__DUPLICATE_METHOD_MATCH = YES;
				COPY_PHASE_STRIP = NO;
				DEBUG_INFORMATION_FORMAT = dwarf;
				ENABLE_STRICT_OBJC_MSGSEND = YES;
				ENABLE_TESTABILITY = YES;
				ENABLE_USER_SCRIPT_SANDBOXING = YES;
				GCC_C_LANGUAGE_STANDARD = gnu17;
				GCC_DYNAMIC_NO_PIC = NO;
				GCC_NO_COMMON_BLOCKS = YES;
				GCC_OPTIMIZATION_LEVEL = 0;
				GCC_PREPROCESSOR_DEFINITIONS = (
					"DEBUG=1",
					"$(inherited)",
				);
				GCC_WARN_64_TO_32_BIT_CONVERSION = YES;
				GCC_WARN_ABOUT_RETURN_TYPE = YES_ERROR;
				GCC_WARN_UNDECLARED_SELECTOR = YES;
				GCC_WARN_UNINITIALIZED_AUTOS = YES_AGGRESSIVE;
				GCC_WARN_UNUSED_FUNCTION = YES;
				GCC_WARN_UNUSED_VARIABLE = YES;
				IPHONEOS_DEPLOYMENT_TARGET = 18.2;
				LOCALIZATION_PREFERS_STRING_CATALOGS = YES;
				MTL_ENABLE_DEBUG_INFO = INCLUDE_SOURCE;
				MTL_FAST_MATH = YES;
				ONLY_ACTIVE_ARCH = YES;
				SDKROOT = iphoneos;
				SWIFT_ACTIVE_COMPILATION_CONDITIONS = "DEBUG $(inherited)";
				SWIFT_OPTIMIZATION_LEVEL = "-Onone";
			};
			name = Debug;
		};
		9C30C4EC2E2F834700462100 /* Release */ = {
			isa = XCBuildConfiguration;
			buildSettings = {
				ALWAYS_SEARCH_USER_PATHS = NO;
				ASSETCATALOG_COMPILER_GENERATE_SWIFT_ASSET_SYMBOL_EXTENSIONS = YES;
				CLANG_ANALYZER_NONNULL = YES;
				CLANG_ANALYZER_NUMBER_OBJECT_CONVERSION = YES_AGGRESSIVE;
				CLANG_CXX_LANGUAGE_STANDARD = "gnu++20";
				CLANG_ENABLE_MODULES = YES;
				CLANG_ENABLE_OBJC_ARC = YES;
				CLANG_ENABLE_OBJC_WEAK = YES;
				CLANG_WARN_BLOCK_CAPTURE_AUTORELEASING = YES;
				CLANG_WARN_BOOL_CONVERSION = YES;
				CLANG_WARN_COMMA = YES;
				CLANG_WARN_CONSTANT_CONVERSION = YES;
				CLANG_WARN_DEPRECATED_OBJC_IMPLEMENTATIONS = YES;
				CLANG_WARN_DIRECT_OBJC_ISA_USAGE = YES_ERROR;
				CLANG_WARN_DOCUMENTATION_COMMENTS = YES;
				CLANG_WARN_EMPTY_BODY = YES;
				CLANG_WARN_ENUM_CONVERSION = YES;
				CLANG_WARN_INFINITE_RECURSION = YES;
				CLANG_WARN_INT_CONVERSION = YES;
				CLANG_WARN_NON_LITERAL_NULL_CONVERSION = YES;
				CLANG_WARN_OBJC_IMPLICIT_RETAIN_SELF = YES;
				CLANG_WARN_OBJC_LITERAL_CONVERSION = YES;
				CLANG_WARN_OBJC_ROOT_CLASS = YES_ERROR;
				CLANG_WARN_QUOTED_INCLUDE_IN_FRAMEWORK_HEADER = YES;
				CLANG_WARN_RANGE_LOOP_ANALYSIS = YES;
				CLANG_WARN_STRICT_PROTOTYPES = YES;
				CLANG_WARN_SUSPICIOUS_MOVE = YES;
				CLANG_WARN_UNGUARDED_AVAILABILITY = YES_AGGRESSIVE;
				CLANG_WARN_UNREACHABLE_CODE = YES;
				CLANG_WARN__DUPLICATE_METHOD_MATCH = YES;
				COPY_PHASE_STRIP = NO;
				DEBUG_INFORMATION_FORMAT = "dwarf-with-dsym";
				ENABLE_NS_ASSERTIONS = NO;
				ENABLE_STRICT_OBJC_MSGSEND = YES;
				ENABLE_USER_SCRIPT_SANDBOXING = YES;
				GCC_C_LANGUAGE_STANDARD = gnu17;
				GCC_NO_COMMON_BLOCKS = YES;
				GCC_WARN_64_TO_32_BIT_CONVERSION = YES;
				GCC_WARN_ABOUT_RETURN_TYPE = YES_ERROR;
				GCC_WARN_UNDECLARED_SELECTOR = YES;
				GCC_WARN_UNINITIALIZED_AUTOS = YES_AGGRESSIVE;
				GCC_WARN_UNUSED_FUNCTION = YES;
				GCC_WARN_UNUSED_VARIABLE = YES;
				IPHONEOS_DEPLOYMENT_TARGET = 18.2;
				LOCALIZATION_PREFERS_STRING_CATALOGS = YES;
				MTL_ENABLE_DEBUG_INFO = NO;
				MTL_FAST_MATH = YES;
				SDKROOT = iphoneos;
				SWIFT_COMPILATION_MODE = wholemodule;
				VALIDATE_PRODUCT = YES;
			};
			name = Release;
		};
		9C30C4EE2E2F834700462100 /* Debug */ = {
			isa = XCBuildConfiguration;
			buildSettings = {
				ASSETCATALOG_COMPILER_APPICON_NAME = AppIcon;
				ASSETCATALOG_COMPILER_GLOBAL_ACCENT_COLOR_NAME = AccentColor;
				CODE_SIGN_STYLE = Automatic;
				CURRENT_PROJECT_VERSION = 1;
				DEVELOPMENT_ASSET_PATHS = "\"Y&YFinance/Preview Content\"";
				DEVELOPMENT_TEAM = AW3667Z3QA;
				ENABLE_PREVIEWS = YES;
				GENERATE_INFOPLIST_FILE = YES;
				INFOPLIST_KEY_UIApplicationSceneManifest_Generation = YES;
				INFOPLIST_KEY_UIApplicationSupportsIndirectInputEvents = YES;
				INFOPLIST_KEY_UILaunchScreen_Generation = YES;
				INFOPLIST_KEY_UISupportedInterfaceOrientations_iPad = "UIInterfaceOrientationPortrait UIInterfaceOrientationPortraitUpsideDown UIInterfaceOrientationLandscapeLeft UIInterfaceOrientationLandscapeRight";
				INFOPLIST_KEY_UISupportedInterfaceOrientations_iPhone = "UIInterfaceOrientationPortrait UIInterfaceOrientationLandscapeLeft UIInterfaceOrientationLandscapeRight";
				LD_RUNPATH_SEARCH_PATHS = (
					"$(inherited)",
					"@executable_path/Frameworks",
				);
				MARKETING_VERSION = 1.0;
				PRODUCT_BUNDLE_IDENTIFIER = "whyourelated.Y-YFinance";
				PRODUCT_NAME = "$(TARGET_NAME)";
				SWIFT_EMIT_LOC_STRINGS = YES;
				SWIFT_VERSION = 5.0;
				TARGETED_DEVICE_FAMILY = "1,2";
			};
			name = Debug;
		};
		9C30C4EF2E2F834700462100 /* Release */ = {
			isa = XCBuildConfiguration;
			buildSettings = {
				ASSETCATALOG_COMPILER_APPICON_NAME = AppIcon;
				ASSETCATALOG_COMPILER_GLOBAL_ACCENT_COLOR_NAME = AccentColor;
				CODE_SIGN_STYLE = Automatic;
				CURRENT_PROJECT_VERSION = 1;
				DEVELOPMENT_ASSET_PATHS = "\"Y&YFinance/Preview Content\"";
				DEVELOPMENT_TEAM = AW3667Z3QA;
				ENABLE_PREVIEWS = YES;
				GENERATE_INFOPLIST_FILE = YES;
				INFOPLIST_KEY_UIApplicationSceneManifest_Generation = YES;
				INFOPLIST_KEY_UIApplicationSupportsIndirectInputEvents = YES;
				INFOPLIST_KEY_UILaunchScreen_Generation = YES;
				INFOPLIST_KEY_UISupportedInterfaceOrientations_iPad = "UIInterfaceOrientationPortrait UIInterfaceOrientationPortraitUpsideDown UIInterfaceOrientationLandscapeLeft UIInterfaceOrientationLandscapeRight";
				INFOPLIST_KEY_UISupportedInterfaceOrientations_iPhone = "UIInterfaceOrientationPortrait UIInterfaceOrientationLandscapeLeft UIInterfaceOrientationLandscapeRight";
				LD_RUNPATH_SEARCH_PATHS = (
					"$(inherited)",
					"@executable_path/Frameworks",
				);
				MARKETING_VERSION = 1.0;
				PRODUCT_BUNDLE_IDENTIFIER = "whyourelated.Y-YFinance";
				PRODUCT_NAME = "$(TARGET_NAME)";
				SWIFT_EMIT_LOC_STRINGS = YES;
				SWIFT_VERSION = 5.0;
				TARGETED_DEVICE_FAMILY = "1,2";
			};
			name = Release;
		};
		9C30C4F12E2F834700462100 /* Debug */ = {
			isa = XCBuildConfiguration;
			buildSettings = {
				BUNDLE_LOADER = "$(TEST_HOST)";
				CODE_SIGN_STYLE = Automatic;
				CURRENT_PROJECT_VERSION = 1;
				DEVELOPMENT_TEAM = AW3667Z3QA;
				GENERATE_INFOPLIST_FILE = YES;
				IPHONEOS_DEPLOYMENT_TARGET = 18.2;
				MARKETING_VERSION = 1.0;
				PRODUCT_BUNDLE_IDENTIFIER = "whyourelated.Y-YFinanceTests";
				PRODUCT_NAME = "$(TARGET_NAME)";
				SWIFT_EMIT_LOC_STRINGS = NO;
				SWIFT_VERSION = 5.0;
				TARGETED_DEVICE_FAMILY = "1,2";
				TEST_HOST = "$(BUILT_PRODUCTS_DIR)/Y&YFinance.app/$(BUNDLE_EXECUTABLE_FOLDER_PATH)/Y&YFinance";
			};
			name = Debug;
		};
		9C30C4F22E2F834700462100 /* Release */ = {
			isa = XCBuildConfiguration;
			buildSettings = {
				BUNDLE_LOADER = "$(TEST_HOST)";
				CODE_SIGN_STYLE = Automatic;
				CURRENT_PROJECT_VERSION = 1;
				DEVELOPMENT_TEAM = AW3667Z3QA;
				GENERATE_INFOPLIST_FILE = YES;
				IPHONEOS_DEPLOYMENT_TARGET = 18.2;
				MARKETING_VERSION = 1.0;
				PRODUCT_BUNDLE_IDENTIFIER = "whyourelated.Y-YFinanceTests";
				PRODUCT_NAME = "$(TARGET_NAME)";
				SWIFT_EMIT_LOC_STRINGS = NO;
				SWIFT_VERSION = 5.0;
				TARGETED_DEVICE_FAMILY = "1,2";
				TEST_HOST = "$(BUILT_PRODUCTS_DIR)/Y&YFinance.app/$(BUNDLE_EXECUTABLE_FOLDER_PATH)/Y&YFinance";
			};
			name = Release;
		};
		9C30C4F42E2F834700462100 /* Debug */ = {
			isa = XCBuildConfiguration;
			buildSettings = {
				CODE_SIGN_STYLE = Automatic;
				CURRENT_PROJECT_VERSION = 1;
				DEVELOPMENT_TEAM = AW3667Z3QA;
				GENERATE_INFOPLIST_FILE = YES;
				MARKETING_VERSION = 1.0;
				PRODUCT_BUNDLE_IDENTIFIER = "whyourelated.Y-YFinanceUITests";
				PRODUCT_NAME = "$(TARGET_NAME)";
				SWIFT_EMIT_LOC_STRINGS = NO;
				SWIFT_VERSION = 5.0;
				TARGETED_DEVICE_FAMILY = "1,2";
				TEST_TARGET_NAME = "Y&YFinance";
			};
			name = Debug;
		};
		9C30C4F52E2F834700462100 /* Release */ = {
			isa = XCBuildConfiguration;
			buildSettings = {
				CODE_SIGN_STYLE = Automatic;
				CURRENT_PROJECT_VERSION = 1;
				DEVELOPMENT_TEAM = AW3667Z3QA;
				GENERATE_INFOPLIST_FILE = YES;
				MARKETING_VERSION = 1.0;
				PRODUCT_BUNDLE_IDENTIFIER = "whyourelated.Y-YFinanceUITests";
				PRODUCT_NAME = "$(TARGET_NAME)";
				SWIFT_EMIT_LOC_STRINGS = NO;
				SWIFT_VERSION = 5.0;
				TARGETED_DEVICE_FAMILY = "1,2";
				TEST_TARGET_NAME = "Y&YFinance";
			};
			name = Release;
		};
/* End XCBuildConfiguration section */

/* Begin XCConfigurationList section */
		9C30C4C22E2F833D00462100 /* Build configuration list for PBXProject "Y&YFinance" */ = {
			isa = XCConfigurationList;
			buildConfigurations = (
				9C30C4EB2E2F834700462100 /* Debug */,
				9C30C4EC2E2F834700462100 /* Release */,
			);
			defaultConfigurationIsVisible = 0;
			defaultConfigurationName = Release;
		};
		9C30C4ED2E2F834700462100 /* Build configuration list for PBXNativeTarget "Y&YFinance" */ = {
			isa = XCConfigurationList;
			buildConfigurations = (
				9C30C4EE2E2F834700462100 /* Debug */,
				9C30C4EF2E2F834700462100 /* Release */,
			);
			defaultConfigurationIsVisible = 0;
			defaultConfigurationName = Release;
		};
		9C30C4F02E2F834700462100 /* Build configuration list for PBXNativeTarget "Y&YFinanceTests" */ = {
			isa = XCConfigurationList;
			buildConfigurations = (
				9C30C4F12E2F834700462100 /* Debug */,
				9C30C4F22E2F834700462100 /* Release */,
			);
			defaultConfigurationIsVisible = 0;
			defaultConfigurationName = Release;
		};
		9C30C4F32E2F834700462100 /* Build configuration list for PBXNativeTarget "Y&YFinanceUITests" */ = {
			isa = XCConfigurationList;
			buildConfigurations = (
				9C30C4F42E2F834700462100 /* Debug */,
				9C30C4F52E2F834700462100 /* Release */,
			);
			defaultConfigurationIsVisible = 0;
			defaultConfigurationName = Release;
		};
/* End XCConfigurationList section */
	};
	rootObject = 9C30C4BF2E2F833C00462100 /* Project object */;
}
